
Microsoft Visual Studio Solution File, Format Version 12.00
# Visual Studio 15
VisualStudioVersion = 15.0.28307.902
MinimumVisualStudioVersion = 10.0.40219.1
Project("{FAE04EC0-301F-11D3-BF4B-00C04F79EFBC}") = "PhotoApplication", "PhotoApplication\PhotoApplication.csproj", "{49F82C37-53C9-4D85-9CB5-D18CB4CE29B1}"
EndProject
Global
	GlobalSection(SolutionConfigurationPlatforms) = preSolution
		Debug|Any CPU = Debug|Any CPU
		Release|Any CPU = Release|Any CPU
	EndGlobalSection
	GlobalSection(ProjectConfigurationPlatforms) = postSolution
		{49F82C37-53C9-4D85-9CB5-D18CB4CE29B1}.Debug|Any CPU.ActiveCfg = Debug|Any CPU
		{49F82C37-53C9-4D85-9CB5-D18CB4CE29B1}.Debug|Any CPU.Build.0 = Debug|Any CPU
		{49F82C37-53C9-4D85-9CB5-D18CB4CE29B1}.Release|Any CPU.ActiveCfg = Release|Any CPU
		{49F82C37-53C9-4D85-9CB5-D18CB4CE29B1}.Release|Any CPU.Build.0 = Release|Any CPU
	EndGlobalSection
	GlobalSection(SolutionProperties) = preSolution
		HideSolutionNode = FALSE
	EndGlobalSection
	GlobalSection(ExtensibilityGlobals) = postSolution
		SolutionGuid = {A9EA8263-982F-491F-AFBB-2E3B16CAA37B}
	EndGlobalSection
EndGlobal
